
Microsoft Visual Studio Solution File, Format Version 12.00
# Visual Studio Version 17
VisualStudioVersion = 17.3.32819.101
MinimumVisualStudioVersion = 10.0.40219.1
Project("{8BC9CEB8-8B4A-11D0-8D11-00A0C91BC942}") = "Lab2-Schedule", "Lab2-Schedule\Lab2-Schedule.vcxproj", "{C611E746-1DBD-410E-93C2-9A504F22AE71}"
EndProject
Global
	GlobalSection(SolutionConfigurationPlatforms) = preSolution
		Debug|x64 = Debug|x64
		Debug|x86 = Debug|x86
		Release|x64 = Release|x64
		Release|x86 = Release|x86
	EndGlobalSection
	GlobalSection(ProjectConfigurationPlatforms) = postSolution
		{C611E746-1DBD-410E-93C2-9A504F22AE71}.Debug|x64.ActiveCfg = Debug|x64
		{C611E746-1DBD-410E-93C2-9A504F22AE71}.Debug|x64.Build.0 = Debug|x64
		{C611E746-1DBD-410E-93C2-9A504F22AE71}.Debug|x86.ActiveCfg = Debug|Win32
		{C611E746-1DBD-410E-93C2-9A504F22AE71}.Debug|x86.Build.0 = Debug|Win32
		{C611E746-1DBD-410E-93C2-9A504F22AE71}.Release|x64.ActiveCfg = Release|x64
		{C611E746-1DBD-410E-93C2-9A504F22AE71}.Release|x64.Build.0 = Release|x64
		{C611E746-1DBD-410E-93C2-9A504F22AE71}.Release|x86.ActiveCfg = Release|Win32
		{C611E746-1DBD-410E-93C2-9A504F22AE71}.Release|x86.Build.0 = Release|Win32
	EndGlobalSection
	GlobalSection(SolutionProperties) = preSolution
		HideSolutionNode = FALSE
	EndGlobalSection
	GlobalSection(ExtensibilityGlobals) = postSolution
		SolutionGuid = {F7E86D3D-5913-47D7-8712-2B34BC1B3BF1}
	EndGlobalSection
EndGlobal
